
Microsoft Visual Studio Solution File, Format Version 12.00
# Visual Studio Version 16
VisualStudioVersion = 16.0.31410.357
MinimumVisualStudioVersion = 10.0.40219.1
Project("{FAE04EC0-301F-11D3-BF4B-00C04F79EFBC}") = "DemoWebAPI", "DemoWebAPI.csproj", "{C0255F1C-D083-4E2A-A736-BEBE6E9D567B}"
EndProject
Global
	GlobalSection(SolutionConfigurationPlatforms) = preSolution
		Debug|Any CPU = Debug|Any CPU
		Release|Any CPU = Release|Any CPU
	EndGlobalSection
	GlobalSection(ProjectConfigurationPlatforms) = postSolution
		{C0255F1C-D083-4E2A-A736-BEBE6E9D567B}.Debug|Any CPU.ActiveCfg = Debug|Any CPU
		{C0255F1C-D083-4E2A-A736-BEBE6E9D567B}.Debug|Any CPU.Build.0 = Debug|Any CPU
		{C0255F1C-D083-4E2A-A736-BEBE6E9D567B}.Release|Any CPU.ActiveCfg = Release|Any CPU
		{C0255F1C-D083-4E2A-A736-BEBE6E9D567B}.Release|Any CPU.Build.0 = Release|Any CPU
	EndGlobalSection
	GlobalSection(SolutionProperties) = preSolution
		HideSolutionNode = FALSE
	EndGlobalSection
	GlobalSection(ExtensibilityGlobals) = postSolution
		SolutionGuid = {C713DD71-67AF-4E25-AB4E-666129B95185}
	EndGlobalSection
EndGlobal
